name: Release lock on merge

on:
  pull_request:
    types: [closed]


jobs:
  unlock: 
    if: github.event.pull_request.merged == true
    runs-on: ubuntu-latest
    permissions:
      pull-requests: write
      contents: write

    steps:
      - name: Check deployment lock
        uses: forevanyeung/lock@e43a0b2920fca2eb45f02bde126d32e09949d419
        id: lock
        with:
          mode: check

      - name: Check lock branch
        if: steps.lock.outputs.locked == 'true'
        uses: actions/github-script@v7
        id: check
        with:
          result-encoding: string
          script: |
            var lockBranch;

            if (!${{ steps.lock.outputs.headless }}) {
              const url = '${{ steps.lock.outputs.link }}'
              const match = url.match(/^https:\/\/github\.com\/([^/]+)\/([^/]+)\/actions\/runs\/(\d+)/)

              if (!match) {
                // do not unlock
                console.log(`Lock link does not match expected format: ${url}`)
                return
              }

              const [, owner, repo, run_id] = match;

              const { data: workflowRun } = await github.rest.actions.getWorkflowRun({ 
                owner: owner, 
                repo: repo, 
                run_id: run_id 
              });

              lockBranch = workflowRun.head_branch;
            } else {
              lockBranch = "${{ steps.lock.outputs.branch }}";
            }

            const sourceBranch = context.payload.pull_request.head.ref;

            console.log(`Source branch: ${sourceBranch}`)
            console.log(`Lock branch: ${lockBranch}`)

            if (lockBranch == sourceBranch) {
              return 'unlock'
            }

      - name: Release lock
        if: steps.check.outputs.result == 'unlock'
        uses: forevanyeung/lock@e43a0b2920fca2eb45f02bde126d32e09949d419
        with:
          mode: unlock 

      - name: Comment lock released
        if: steps.check.outputs.result == 'unlock'
        uses: actions/github-script@v7
        with:
          script: |
            var body = `
            ✅ **Deployment lock released**
            Deployment completed successfully.          
            `

            github.rest.issues.createComment({
              issue_number: context.issue.number,
              owner: context.repo.owner,
              repo: context.repo.repo,
              body: body
            })
