name: Release lock on merge

on:
  push:
    branches: 
      - main

jobs:
  unlock: 
    runs-on: ubuntu-latest
    permissions:
      pull-requests: write
      contents: write

    steps:
      - name: Check deployment lock
        uses: github/lock@v2.3.1
        id: lock
        with:
          mode: check

      - name: Check lock branch
        if: steps.lock.outputs.locked == 'true'
        uses: actions/github-script@v7
        id: check
        with:
          result-encoding: string
          script: |
            var lockBranch;

            if (!${{ steps.lock.outputs.headless }}) {
              const url = '${{ steps.lock.outputs.link }}'
              const match = url.match(/^https:\/\/github\.com\/([^/]+)\/([^/]+)\/actions\/runs\/(\d+)/)

              if (!match) {
                // do not unlock
                console.log(`Lock link does not match expected format: ${url}`)
                return
              }

              const [, owner, repo, run_id] = match;

              const { data: workflowRun } = await github.rest.actions.getWorkflowRun({ 
                owner: owner, 
                repo: repo, 
                run_id: run_id 
              });

              lockBranch = workflowRun.head_branch;
            } else {
              lockBranch = ${{ steps.lock.outputs.branch }};
            }

            const currentBranch = context.ref.replace('refs/heads/', '')

            console.log(`Current branch: ${currentBranch}`)
            console.log(`Lock branch: ${lockBranch}`)

            if (lockBranch == currentBranch) {
              return 'unlock'
            }

      - name: Release lock
        if: steps.check.outputs.result == 'unlock'
        uses: github/lock@v2.3.1
        with:
          mode: unlock 

      # FIX: push does not have context for issue_number
      # - name: Comment lock released
      #   if: steps.check.outputs.result == 'unlock'
      #   uses: actions/github-script@v7
      #   with:
      #     script: |
      #       var body = `
      #       ✅ **Deployment lock released**
      #       Deployment completed successfully.          
      #       `

      #       github.rest.issues.createComment({
      #         issue_number: context.issue.number,
      #         owner: context.repo.owner,
      #         repo: context.repo.repo,
      #         body: body
      #       })
